
Microsoft Visual Studio Solution File, Format Version 12.00
# Visual Studio Version 17
VisualStudioVersion = 17.0.32014.148
MinimumVisualStudioVersion = 10.0.40219.1
Project("{FAE04EC0-301F-11D3-BF4B-00C04F79EFBC}") = "ProgrammersBlog.WebUI", "ProgrammersBlog.WebUI\ProgrammersBlog.WebUI.csproj", "{99DC7151-2499-42DA-B5BC-F0055FDA13D1}"
EndProject
Project("{FAE04EC0-301F-11D3-BF4B-00C04F79EFBC}") = "ProgrammersBlog.Shared", "ProgrammersBlog.Shared\ProgrammersBlog.Shared.csproj", "{7D81C29A-5800-43A9-9529-AC4D5C0D79DA}"
EndProject
Project("{FAE04EC0-301F-11D3-BF4B-00C04F79EFBC}") = "ProgrammersBlog.Entities", "ProgrammersBlog.Entities\ProgrammersBlog.Entities.csproj", "{5E8B9AF8-7A9F-4437-9B5E-83FB4D391F38}"
EndProject
Project("{FAE04EC0-301F-11D3-BF4B-00C04F79EFBC}") = "ProgrammersBlog.Data", "ProgrammersBlog.Data\ProgrammersBlog.Data.csproj", "{600A6F90-89D0-4983-8E7D-04B0D7EAC0AB}"
EndProject
Project("{FAE04EC0-301F-11D3-BF4B-00C04F79EFBC}") = "ProgrammersBlog.Services", "ProgrammersBlog.Services\ProgrammersBlog.Services.csproj", "{B602F2C9-76EA-4481-BE5E-BD732F1DB573}"
EndProject
Global
	GlobalSection(SolutionConfigurationPlatforms) = preSolution
		Debug|Any CPU = Debug|Any CPU
		Release|Any CPU = Release|Any CPU
	EndGlobalSection
	GlobalSection(ProjectConfigurationPlatforms) = postSolution
		{99DC7151-2499-42DA-B5BC-F0055FDA13D1}.Debug|Any CPU.ActiveCfg = Debug|Any CPU
		{99DC7151-2499-42DA-B5BC-F0055FDA13D1}.Debug|Any CPU.Build.0 = Debug|Any CPU
		{99DC7151-2499-42DA-B5BC-F0055FDA13D1}.Release|Any CPU.ActiveCfg = Release|Any CPU
		{99DC7151-2499-42DA-B5BC-F0055FDA13D1}.Release|Any CPU.Build.0 = Release|Any CPU
		{7D81C29A-5800-43A9-9529-AC4D5C0D79DA}.Debug|Any CPU.ActiveCfg = Debug|Any CPU
		{7D81C29A-5800-43A9-9529-AC4D5C0D79DA}.Debug|Any CPU.Build.0 = Debug|Any CPU
		{7D81C29A-5800-43A9-9529-AC4D5C0D79DA}.Release|Any CPU.ActiveCfg = Release|Any CPU
		{7D81C29A-5800-43A9-9529-AC4D5C0D79DA}.Release|Any CPU.Build.0 = Release|Any CPU
		{5E8B9AF8-7A9F-4437-9B5E-83FB4D391F38}.Debug|Any CPU.ActiveCfg = Debug|Any CPU
		{5E8B9AF8-7A9F-4437-9B5E-83FB4D391F38}.Debug|Any CPU.Build.0 = Debug|Any CPU
		{5E8B9AF8-7A9F-4437-9B5E-83FB4D391F38}.Release|Any CPU.ActiveCfg = Release|Any CPU
		{5E8B9AF8-7A9F-4437-9B5E-83FB4D391F38}.Release|Any CPU.Build.0 = Release|Any CPU
		{600A6F90-89D0-4983-8E7D-04B0D7EAC0AB}.Debug|Any CPU.ActiveCfg = Debug|Any CPU
		{600A6F90-89D0-4983-8E7D-04B0D7EAC0AB}.Debug|Any CPU.Build.0 = Debug|Any CPU
		{600A6F90-89D0-4983-8E7D-04B0D7EAC0AB}.Release|Any CPU.ActiveCfg = Release|Any CPU
		{600A6F90-89D0-4983-8E7D-04B0D7EAC0AB}.Release|Any CPU.Build.0 = Release|Any CPU
		{B602F2C9-76EA-4481-BE5E-BD732F1DB573}.Debug|Any CPU.ActiveCfg = Debug|Any CPU
		{B602F2C9-76EA-4481-BE5E-BD732F1DB573}.Debug|Any CPU.Build.0 = Debug|Any CPU
		{B602F2C9-76EA-4481-BE5E-BD732F1DB573}.Release|Any CPU.ActiveCfg = Release|Any CPU
		{B602F2C9-76EA-4481-BE5E-BD732F1DB573}.Release|Any CPU.Build.0 = Release|Any CPU
	EndGlobalSection
	GlobalSection(SolutionProperties) = preSolution
		HideSolutionNode = FALSE
	EndGlobalSection
	GlobalSection(ExtensibilityGlobals) = postSolution
		SolutionGuid = {E60CD34A-4B4D-4345-A016-0A8589E3FD96}
	EndGlobalSection
EndGlobal
